// !$*UTF8*$!
{
	archiveVersion = 1;
	classes = {
	};
	objectVersion = 56;
	objects = {

/* Begin PBXBuildFile section */
		C30100000000000000000001 /* PlayStyleBarHitTestTests.swift in Sources */ = {isa = PBXBuildFile; fileRef = C30200000000000000000001 /* PlayStyleBarHitTestTests.swift */; };
		A10000000000000000000001 /* UsalingoIOSApp.swift in Sources */ = {isa = PBXBuildFile; fileRef = A20000000000000000000001 /* UsalingoIOSApp.swift */; };
		A10000000000000000000002 /* App/AppState.swift in Sources */ = {isa = PBXBuildFile; fileRef = A20000000000000000000002 /* App/AppState.swift */; };
		A10000000000000000000003 /* Models/Deck.swift in Sources */ = {isa = PBXBuildFile; fileRef = A20000000000000000000003 /* Models/Deck.swift */; };
		A10000000000000000000004 /* Models/WordCard.swift in Sources */ = {isa = PBXBuildFile; fileRef = A20000000000000000000004 /* Models/WordCard.swift */; };
		A10000000000000000000005 /* Models/LearningProgress.swift in Sources */ = {isa = PBXBuildFile; fileRef = A20000000000000000000005 /* Models/LearningProgress.swift */; };
		A10000000000000000000006 /* Services/SupabaseConfig.swift in Sources */ = {isa = PBXBuildFile; fileRef = A20000000000000000000006 /* Services/SupabaseConfig.swift */; };
		A10000000000000000000007 /* Services/SupabaseClient.swift in Sources */ = {isa = PBXBuildFile; fileRef = A20000000000000000000007 /* Services/SupabaseClient.swift */; };
		A10000000000000000000008 /* Services/AuthService.swift in Sources */ = {isa = PBXBuildFile; fileRef = A20000000000000000000008 /* Services/AuthService.swift */; };
		A1000000000000000000000A /* Services/StudyService.swift in Sources */ = {isa = PBXBuildFile; fileRef = A2000000000000000000000A /* Services/StudyService.swift */; };
		A1000000000000000000000C /* Features/Auth/AuthView.swift in Sources */ = {isa = PBXBuildFile; fileRef = A2000000000000000000000C /* Features/Auth/AuthView.swift */; };
		A1000000000000000000000E /* Features/Study/StudySessionView.swift in Sources */ = {isa = PBXBuildFile; fileRef = A2000000000000000000000E /* Features/Study/StudySessionView.swift */; };
		A100000000000000000000F2 /* Features/Study/StudyAnswerQueue.swift in Sources */ = {isa = PBXBuildFile; fileRef = A200000000000000000000F2 /* Features/Study/StudyAnswerQueue.swift */; };
		A1000000000000000000A101 /* Features/Study/MatchingGame.swift in Sources */ = {isa = PBXBuildFile; fileRef = A2000000000000000000A101 /* Features/Study/MatchingGame.swift */; };
		A1000000000000000000C101 /* Features/Study/FiveChoiceGame.swift in Sources */ = {isa = PBXBuildFile; fileRef = A2000000000000000000C101 /* Features/Study/FiveChoiceGame.swift */; };
		A1000000000000000000A102 /* Features/Study/MatchingGameView.swift in Sources */ = {isa = PBXBuildFile; fileRef = A2000000000000000000A102 /* Features/Study/MatchingGameView.swift */; };
		A1000000000000000000C102 /* Features/Study/FiveChoiceView.swift in Sources */ = {isa = PBXBuildFile; fileRef = A2000000000000000000C102 /* Features/Study/FiveChoiceView.swift */; };
		A1000000000000000000A103 /* Features/Study/RadioQueue.swift in Sources */ = {isa = PBXBuildFile; fileRef = A2000000000000000000A103 /* Features/Study/RadioQueue.swift */; };
		A1000000000000000000A104 /* Features/Study/AudioRadioView.swift in Sources */ = {isa = PBXBuildFile; fileRef = A2000000000000000000A104 /* Features/Study/AudioRadioView.swift */; };
		A1000000000000000000A106 /* Features/Study/AudioCarouselMotion.swift in Sources */ = {isa = PBXBuildFile; fileRef = A2000000000000000000A106 /* Features/Study/AudioCarouselMotion.swift */; };
		A1000000000000000000A105 /* Services/RadioPlayer.swift in Sources */ = {isa = PBXBuildFile; fileRef = A2000000000000000000A105 /* Services/RadioPlayer.swift */; };
		B1000000000000000000A201 /* MatchingGameTests.swift in Sources */ = {isa = PBXBuildFile; fileRef = B2000000000000000000A201 /* MatchingGameTests.swift */; };
		B1000000000000000000C201 /* FiveChoiceGameTests.swift in Sources */ = {isa = PBXBuildFile; fileRef = B2000000000000000000C201 /* FiveChoiceGameTests.swift */; };
		B1000000000000000000A202 /* RadioQueueTests.swift in Sources */ = {isa = PBXBuildFile; fileRef = B2000000000000000000A202 /* RadioQueueTests.swift */; };
		B1000000000000000000A203 /* AudioCarouselMotionTests.swift in Sources */ = {isa = PBXBuildFile; fileRef = B2000000000000000000A203 /* AudioCarouselMotionTests.swift */; };
		A1000000000000000000000F /* Features/Study/StudyCardView.swift in Sources */ = {isa = PBXBuildFile; fileRef = A2000000000000000000000F /* Features/Study/StudyCardView.swift */; };
		A10000000000000000000013 /* Features/Shell/AppShellView.swift in Sources */ = {isa = PBXBuildFile; fileRef = A20000000000000000000013 /* Features/Shell/AppShellView.swift */; };
		A10000000000000000000014 /* Features/Learning/LearningDashboardView.swift in Sources */ = {isa = PBXBuildFile; fileRef = A20000000000000000000014 /* Features/Learning/LearningDashboardView.swift */; };
		A10000000000000000000015 /* Features/Design/DesignDashboardView.swift in Sources */ = {isa = PBXBuildFile; fileRef = A20000000000000000000015 /* Features/Design/DesignDashboardView.swift */; };
		A10000000000000000000016 /* Features/Profile/ProfileDashboardView.swift in Sources */ = {isa = PBXBuildFile; fileRef = A20000000000000000000016 /* Features/Profile/ProfileDashboardView.swift */; };
		A1000000000000000000F301 /* Features/Profile/LegalDocument.swift in Sources */ = {isa = PBXBuildFile; fileRef = A2000000000000000000F301 /* Features/Profile/LegalDocument.swift */; };
		A10000000000000000000017 /* Services/SessionStore.swift in Sources */ = {isa = PBXBuildFile; fileRef = A20000000000000000000017 /* Services/SessionStore.swift */; };
		A10000000000000000000018 /* Features/Words/WordListView.swift in Sources */ = {isa = PBXBuildFile; fileRef = A20000000000000000000018 /* Features/Words/WordListView.swift */; };
		A10000000000000000000019 /* Services/AudioPlaybackService.swift in Sources */ = {isa = PBXBuildFile; fileRef = A20000000000000000000019 /* Services/AudioPlaybackService.swift */; };
		A1000000000000000000001A /* Features/Words/WordEditSheet.swift in Sources */ = {isa = PBXBuildFile; fileRef = A2000000000000000000001A /* Features/Words/WordEditSheet.swift */; };
		A1000000000000000000001B /* Features/Words/TagSheet.swift in Sources */ = {isa = PBXBuildFile; fileRef = A2000000000000000000001B /* Features/Words/TagSheet.swift */; };
		A1000000000000000000001C /* Models/DesignSettings.swift in Sources */ = {isa = PBXBuildFile; fileRef = A2000000000000000000001C /* Models/DesignSettings.swift */; };
		A10000000000000000000020 /* Services/AccountDeletionService.swift in Sources */ = {isa = PBXBuildFile; fileRef = A20000000000000000000020 /* Services/AccountDeletionService.swift */; };
		A10000000000000000000021 /* Services/AppInfo.swift in Sources */ = {isa = PBXBuildFile; fileRef = A20000000000000000000021 /* Services/AppInfo.swift */; };
		A10000000000000000000022 /* Resources/Licenses in Resources */ = {isa = PBXBuildFile; fileRef = A20000000000000000000022 /* Resources/Licenses */; };
		A10000000000000000000023 /* Models/DeckFile.swift in Sources */ = {isa = PBXBuildFile; fileRef = A20000000000000000000023 /* Models/DeckFile.swift */; };
		A10000000000000000000024 /* Services/StudyDataSource.swift in Sources */ = {isa = PBXBuildFile; fileRef = A20000000000000000000024 /* Services/StudyDataSource.swift */; };
		A100000000000000000000F1 /* Services/StudyQueueRules.swift in Sources */ = {isa = PBXBuildFile; fileRef = A200000000000000000000F1 /* Services/StudyQueueRules.swift */; };
		A100000000000000000001F1 /* Features/Study/StudyCardOrder.swift in Sources */ = {isa = PBXBuildFile; fileRef = A200000000000000000001F1 /* Features/Study/StudyCardOrder.swift */; };
		A10000000000000000000025 /* Services/LocalStudyDataSource.swift in Sources */ = {isa = PBXBuildFile; fileRef = A20000000000000000000025 /* Services/LocalStudyDataSource.swift */; };
		A10000000000000000000026 /* Features/Learning/DeckLibraryView.swift in Sources */ = {isa = PBXBuildFile; fileRef = A20000000000000000000026 /* Features/Learning/DeckLibraryView.swift */; };
		A10000000000000000000028 /* Services/GuestStudyBackupService.swift in Sources */ = {isa = PBXBuildFile; fileRef = A20000000000000000000028 /* Services/GuestStudyBackupService.swift */; };
		A10000000000000000000029 /* Services/StudyBackupSyncer.swift in Sources */ = {isa = PBXBuildFile; fileRef = A20000000000000000000029 /* Services/StudyBackupSyncer.swift */; };
		A1000000000000000000002A /* Services/UserFacingError.swift in Sources */ = {isa = PBXBuildFile; fileRef = A2000000000000000000002A /* Services/UserFacingError.swift */; };
		A10000000000000000000E11 /* Services/EmailInput.swift in Sources */ = {isa = PBXBuildFile; fileRef = A20000000000000000000E11 /* Services/EmailInput.swift */; };
		A1000000000000000000002B /* Resources/Assets.xcassets in Resources */ = {isa = PBXBuildFile; fileRef = A2000000000000000000002B /* Resources/Assets.xcassets */; };
		A1000000000000000000002C /* Resources/PrivacyInfo.xcprivacy in Resources */ = {isa = PBXBuildFile; fileRef = A2000000000000000000002C /* Resources/PrivacyInfo.xcprivacy */; };
		A1000000000000000000002E /* Resources/StarterDeck.json in Resources */ = {isa = PBXBuildFile; fileRef = A2000000000000000000002E /* Resources/StarterDeck.json */; };
		A10000000000000000000030 /* DesignSystem/Tokens/WireColor.swift in Sources */ = {isa = PBXBuildFile; fileRef = A20000000000000000000030 /* DesignSystem/Tokens/WireColor.swift */; };
		A10000000000000000000031 /* DesignSystem/Tokens/WireMetrics.swift in Sources */ = {isa = PBXBuildFile; fileRef = A20000000000000000000031 /* DesignSystem/Tokens/WireMetrics.swift */; };
		A10000000000000000000032 /* DesignSystem/Tokens/WireTypography.swift in Sources */ = {isa = PBXBuildFile; fileRef = A20000000000000000000032 /* DesignSystem/Tokens/WireTypography.swift */; };
		A10000000000000000000033 /* DesignSystem/Modifiers/OffsetShadow.swift in Sources */ = {isa = PBXBuildFile; fileRef = A20000000000000000000033 /* DesignSystem/Modifiers/OffsetShadow.swift */; };
		A10000000000000000000034 /* DesignSystem/Modifiers/OutlineSurface.swift in Sources */ = {isa = PBXBuildFile; fileRef = A20000000000000000000034 /* DesignSystem/Modifiers/OutlineSurface.swift */; };
		A10000000000000000000035 /* DesignSystem/Components/WireCard.swift in Sources */ = {isa = PBXBuildFile; fileRef = A20000000000000000000035 /* DesignSystem/Components/WireCard.swift */; };
		A10000000000000000000036 /* DesignSystem/Components/WireButton.swift in Sources */ = {isa = PBXBuildFile; fileRef = A20000000000000000000036 /* DesignSystem/Components/WireButton.swift */; };
		A100000000000000000000F3 /* DesignSystem/Components/WireIconButton.swift in Sources */ = {isa = PBXBuildFile; fileRef = A200000000000000000000F3 /* DesignSystem/Components/WireIconButton.swift */; };
		A10000000000000000000037 /* DesignSystem/Components/WireTextField.swift in Sources */ = {isa = PBXBuildFile; fileRef = A20000000000000000000037 /* DesignSystem/Components/WireTextField.swift */; };
		A10000000000000000000038 /* DesignSystem/Components/WirePill.swift in Sources */ = {isa = PBXBuildFile; fileRef = A20000000000000000000038 /* DesignSystem/Components/WirePill.swift */; };
		A1000000000000000000003A /* DesignSystem/Components/WireImagePlaceholder.swift in Sources */ = {isa = PBXBuildFile; fileRef = A2000000000000000000003A /* DesignSystem/Components/WireImagePlaceholder.swift */; };
		A1000000000000000000003D /* DesignSystem/Components/BentoGroup.swift in Sources */ = {isa = PBXBuildFile; fileRef = A2000000000000000000003D /* DesignSystem/Components/BentoGroup.swift */; };
		A1000000000000000000003E /* Services/HapticFeedbackService.swift in Sources */ = {isa = PBXBuildFile; fileRef = A2000000000000000000003E /* Services/HapticFeedbackService.swift */; };
		A1000000000000000000003F /* Services/ImageLoading/CardImageLoader.swift in Sources */ = {isa = PBXBuildFile; fileRef = A2000000000000000000002D /* Services/ImageLoading/CardImageLoader.swift */; };
		A1000000000000000000F401 /* Services/MediaStore.swift in Sources */ = {isa = PBXBuildFile; fileRef = A2000000000000000000F401 /* Services/MediaStore.swift */; };
		A1000000000000000000F402 /* Services/MediaDownloader.swift in Sources */ = {isa = PBXBuildFile; fileRef = A2000000000000000000F402 /* Services/MediaDownloader.swift */; };
		A10000000000000000000040 /* Nuke in Frameworks */ = {isa = PBXBuildFile; productRef = A100000000000000000000C1 /* Nuke */; };
		A10000000000000000000041 /* NukeUI in Frameworks */ = {isa = PBXBuildFile; productRef = A100000000000000000000C2 /* NukeUI */; };
		A1000000000000000000077 /* Features/Learning/DeckSummaryViews.swift in Sources */ = {isa = PBXBuildFile; fileRef = A2000000000000000000077 /* Features/Learning/DeckSummaryViews.swift */; };
		A1000000000000000000901 /* Features/Learning/DeckCarouselView.swift in Sources */ = {isa = PBXBuildFile; fileRef = A2000000000000000000901 /* Features/Learning/DeckCarouselView.swift */; };
		A1000000000000000000903 /* Features/Learning/DeckFolderViews.swift in Sources */ = {isa = PBXBuildFile; fileRef = A2000000000000000000903 /* Features/Learning/DeckFolderViews.swift */; };
		A1000000000000000000902 /* Features/Learning/DeckCoverStore.swift in Sources */ = {isa = PBXBuildFile; fileRef = A2000000000000000000902 /* Features/Learning/DeckCoverStore.swift */; };
		A10000000000000000000F02 /* Features/Design/DesignPreviewStage.swift in Sources */ = {isa = PBXBuildFile; fileRef = A20000000000000000000F02 /* Features/Design/DesignPreviewStage.swift */; };
		A10000000000000000000FA1 /* Features/Study/WordCardContent.swift in Sources */ = {isa = PBXBuildFile; fileRef = A20000000000000000000FA1 /* Features/Study/WordCardContent.swift */; };
		A100000000000000000070 /* Features/Words/WordListViewModel.swift in Sources */ = {isa = PBXBuildFile; fileRef = A200000000000000000070 /* Features/Words/WordListViewModel.swift */; };
		A100000000000000000071 /* Features/Words/WordListFilters.swift in Sources */ = {isa = PBXBuildFile; fileRef = A200000000000000000071 /* Features/Words/WordListFilters.swift */; };
		A100000000000000000072 /* Features/Words/WordListFilterBars.swift in Sources */ = {isa = PBXBuildFile; fileRef = A200000000000000000072 /* Features/Words/WordListFilterBars.swift */; };
		A100000000000000000073 /* Features/Words/WordListRowViews.swift in Sources */ = {isa = PBXBuildFile; fileRef = A200000000000000000073 /* Features/Words/WordListRowViews.swift */; };
		A1000000000000000000F9 /* Features/Words/WordRowActions.swift in Sources */ = {isa = PBXBuildFile; fileRef = A2000000000000000000F9 /* Features/Words/WordRowActions.swift */; };
		A1000000000000000000D5 /* Features/Words/RedSheetLayer.swift in Sources */ = {isa = PBXBuildFile; fileRef = A2000000000000000000D5 /* Features/Words/RedSheetLayer.swift */; };
		A100000000000000000074 /* Features/Words/WordListErrorBox.swift in Sources */ = {isa = PBXBuildFile; fileRef = A200000000000000000074 /* Features/Words/WordListErrorBox.swift */; };
		A100000000000000000075 /* Features/Words/WordDetailSheet.swift in Sources */ = {isa = PBXBuildFile; fileRef = A200000000000000000075 /* Features/Words/WordDetailSheet.swift */; };
		A1000000000000000000F1 /* Features/Words/InteractiveSwipeBack.swift in Sources */ = {isa = PBXBuildFile; fileRef = A2000000000000000000F1 /* Features/Words/InteractiveSwipeBack.swift */; };
		B10000000000000000000001 /* LearningProgressTests.swift in Sources */ = {isa = PBXBuildFile; fileRef = B20000000000000000000001 /* LearningProgressTests.swift */; };
		B100000000000000000001F1 /* StudyCardOrderTests.swift in Sources */ = {isa = PBXBuildFile; fileRef = B200000000000000000001F1 /* StudyCardOrderTests.swift */; };
		B10000000000000000000002 /* WordCardTests.swift in Sources */ = {isa = PBXBuildFile; fileRef = B20000000000000000000003 /* WordCardTests.swift */; };
		B10000000000000000000004 /* AuthTransportTests.swift in Sources */ = {isa = PBXBuildFile; fileRef = B20000000000000000000005 /* AuthTransportTests.swift */; };
		B10000000000000000000005 /* AuthConfirmationTests.swift in Sources */ = {isa = PBXBuildFile; fileRef = B20000000000000000000006 /* AuthConfirmationTests.swift */; };
		B10000000000000000000006 /* AccountDeletionTests.swift in Sources */ = {isa = PBXBuildFile; fileRef = B20000000000000000000007 /* AccountDeletionTests.swift */; };
		B10000000000000000000007 /* AppInfoTests.swift in Sources */ = {isa = PBXBuildFile; fileRef = B20000000000000000000008 /* AppInfoTests.swift */; };
		B10000000000000000000008 /* LocalStudyDataSourceTests.swift in Sources */ = {isa = PBXBuildFile; fileRef = B20000000000000000000009 /* LocalStudyDataSourceTests.swift */; };
		B1000000000000000000000A /* GuestStudyBackupServiceTests.swift in Sources */ = {isa = PBXBuildFile; fileRef = B2000000000000000000000A /* GuestStudyBackupServiceTests.swift */; };
		B1000000000000000000000B /* UserFacingErrorTests.swift in Sources */ = {isa = PBXBuildFile; fileRef = B2000000000000000000000B /* UserFacingErrorTests.swift */; };
		B10000000000000000000E11 /* EmailInputTests.swift in Sources */ = {isa = PBXBuildFile; fileRef = B20000000000000000000E11 /* EmailInputTests.swift */; };
		B10000000000000000000E12 /* DeckProgressSummaryTests.swift in Sources */ = {isa = PBXBuildFile; fileRef = B20000000000000000000E12 /* DeckProgressSummaryTests.swift */; };
		B10000000000000000000E90 /* DeckCarouselTests.swift in Sources */ = {isa = PBXBuildFile; fileRef = B20000000000000000000E90 /* DeckCarouselTests.swift */; };
		B1000000000000000000002A /* LegalDocumentTests.swift in Sources */ = {isa = PBXBuildFile; fileRef = B2000000000000000000002A /* LegalDocumentTests.swift */; };
		B1000000000000000000009B /* StudyBackupSyncerTests.swift in Sources */ = {isa = PBXBuildFile; fileRef = B2000000000000000000009B /* StudyBackupSyncerTests.swift */; };
		B1000000000000000000009C /* CardImageCacheTests.swift in Sources */ = {isa = PBXBuildFile; fileRef = B2000000000000000000009C /* CardImageCacheTests.swift */; };
		B1000000000000000000C301 /* MediaStoreTests.swift in Sources */ = {isa = PBXBuildFile; fileRef = B2000000000000000000C301 /* MediaStoreTests.swift */; };
		B100000000000000000012 /* WordListFiltersTests.swift in Sources */ = {isa = PBXBuildFile; fileRef = B200000000000000000012 /* WordListFiltersTests.swift */; };
		B100000000000000000013 /* WordListViewModelTests.swift in Sources */ = {isa = PBXBuildFile; fileRef = B200000000000000000013 /* WordListViewModelTests.swift */; };
		B1000000000000000000A204 /* WordListColumnLayoutTests.swift in Sources */ = {isa = PBXBuildFile; fileRef = B2000000000000000000A204 /* WordListColumnLayoutTests.swift */; };
/* End PBXBuildFile section */

/* Begin PBXContainerItemProxy section */
		B00000000000000000000001 /* PBXContainerItemProxy */ = {
			isa = PBXContainerItemProxy;
			containerPortal = A60000000000000000000001 /* Project object */;
			proxyType = 1;
			remoteGlobalIDString = A50000000000000000000001;
			remoteInfo = UsalingoIOS;
		};
/* End PBXContainerItemProxy section */

/* Begin PBXFileReference section */
		C30200000000000000000001 /* PlayStyleBarHitTestTests.swift */ = {isa = PBXFileReference; lastKnownFileType = sourcecode.swift; path = PlayStyleBarHitTestTests.swift; sourceTree = "<group>"; };
		A20000000000000000000001 /* UsalingoIOSApp.swift */ = {isa = PBXFileReference; lastKnownFileType = sourcecode.swift; path = UsalingoIOSApp.swift; sourceTree = "<group>"; };
		A20000000000000000000002 /* App/AppState.swift */ = {isa = PBXFileReference; lastKnownFileType = sourcecode.swift; path = App/AppState.swift; sourceTree = "<group>"; };
		A20000000000000000000003 /* Models/Deck.swift */ = {isa = PBXFileReference; lastKnownFileType = sourcecode.swift; path = Models/Deck.swift; sourceTree = "<group>"; };
		A20000000000000000000004 /* Models/WordCard.swift */ = {isa = PBXFileReference; lastKnownFileType = sourcecode.swift; path = Models/WordCard.swift; sourceTree = "<group>"; };
		A20000000000000000000005 /* Models/LearningProgress.swift */ = {isa = PBXFileReference; lastKnownFileType = sourcecode.swift; path = Models/LearningProgress.swift; sourceTree = "<group>"; };
		A20000000000000000000006 /* Services/SupabaseConfig.swift */ = {isa = PBXFileReference; lastKnownFileType = sourcecode.swift; path = Services/SupabaseConfig.swift; sourceTree = "<group>"; };
		A20000000000000000000007 /* Services/SupabaseClient.swift */ = {isa = PBXFileReference; lastKnownFileType = sourcecode.swift; path = Services/SupabaseClient.swift; sourceTree = "<group>"; };
		A20000000000000000000008 /* Services/AuthService.swift */ = {isa = PBXFileReference; lastKnownFileType = sourcecode.swift; path = Services/AuthService.swift; sourceTree = "<group>"; };
		A2000000000000000000000A /* Services/StudyService.swift */ = {isa = PBXFileReference; lastKnownFileType = sourcecode.swift; path = Services/StudyService.swift; sourceTree = "<group>"; };
		A2000000000000000000000C /* Features/Auth/AuthView.swift */ = {isa = PBXFileReference; lastKnownFileType = sourcecode.swift; path = Features/Auth/AuthView.swift; sourceTree = "<group>"; };
		A2000000000000000000000E /* Features/Study/StudySessionView.swift */ = {isa = PBXFileReference; lastKnownFileType = sourcecode.swift; path = Features/Study/StudySessionView.swift; sourceTree = "<group>"; };
		A200000000000000000000F2 /* Features/Study/StudyAnswerQueue.swift */ = {isa = PBXFileReference; lastKnownFileType = sourcecode.swift; path = Features/Study/StudyAnswerQueue.swift; sourceTree = "<group>"; };
		A2000000000000000000A101 /* Features/Study/MatchingGame.swift */ = {isa = PBXFileReference; lastKnownFileType = sourcecode.swift; path = Features/Study/MatchingGame.swift; sourceTree = "<group>"; };
		A2000000000000000000C101 /* Features/Study/FiveChoiceGame.swift */ = {isa = PBXFileReference; lastKnownFileType = sourcecode.swift; path = Features/Study/FiveChoiceGame.swift; sourceTree = "<group>"; };
		A2000000000000000000A102 /* Features/Study/MatchingGameView.swift */ = {isa = PBXFileReference; lastKnownFileType = sourcecode.swift; path = Features/Study/MatchingGameView.swift; sourceTree = "<group>"; };
		A2000000000000000000C102 /* Features/Study/FiveChoiceView.swift */ = {isa = PBXFileReference; lastKnownFileType = sourcecode.swift; path = Features/Study/FiveChoiceView.swift; sourceTree = "<group>"; };
		A2000000000000000000A103 /* Features/Study/RadioQueue.swift */ = {isa = PBXFileReference; lastKnownFileType = sourcecode.swift; path = Features/Study/RadioQueue.swift; sourceTree = "<group>"; };
		A2000000000000000000A104 /* Features/Study/AudioRadioView.swift */ = {isa = PBXFileReference; lastKnownFileType = sourcecode.swift; path = Features/Study/AudioRadioView.swift; sourceTree = "<group>"; };
		A2000000000000000000A106 /* Features/Study/AudioCarouselMotion.swift */ = {isa = PBXFileReference; lastKnownFileType = sourcecode.swift; path = Features/Study/AudioCarouselMotion.swift; sourceTree = "<group>"; };
		A2000000000000000000A105 /* Services/RadioPlayer.swift */ = {isa = PBXFileReference; lastKnownFileType = sourcecode.swift; path = Services/RadioPlayer.swift; sourceTree = "<group>"; };
		B2000000000000000000A201 /* MatchingGameTests.swift */ = {isa = PBXFileReference; lastKnownFileType = sourcecode.swift; path = MatchingGameTests.swift; sourceTree = "<group>"; };
		B2000000000000000000C201 /* FiveChoiceGameTests.swift */ = {isa = PBXFileReference; lastKnownFileType = sourcecode.swift; path = FiveChoiceGameTests.swift; sourceTree = "<group>"; };
		B2000000000000000000A202 /* RadioQueueTests.swift */ = {isa = PBXFileReference; lastKnownFileType = sourcecode.swift; path = RadioQueueTests.swift; sourceTree = "<group>"; };
		B2000000000000000000A203 /* AudioCarouselMotionTests.swift */ = {isa = PBXFileReference; lastKnownFileType = sourcecode.swift; path = AudioCarouselMotionTests.swift; sourceTree = "<group>"; };
		A2000000000000000000000F /* Features/Study/StudyCardView.swift */ = {isa = PBXFileReference; lastKnownFileType = sourcecode.swift; path = Features/Study/StudyCardView.swift; sourceTree = "<group>"; };
		A20000000000000000000010 /* UsalingoIOS.app */ = {isa = PBXFileReference; explicitFileType = wrapper.application; includeInIndex = 0; path = UsalingoIOS.app; sourceTree = BUILT_PRODUCTS_DIR; };
		A20000000000000000000011 /* Config/Local.xcconfig */ = {isa = PBXFileReference; lastKnownFileType = text.xcconfig; path = Config/Local.xcconfig; sourceTree = "<group>"; };
		A20000000000000000000012 /* Info.plist */ = {isa = PBXFileReference; lastKnownFileType = text.plist.xml; path = Info.plist; sourceTree = "<group>"; };
		A20000000000000000000013 /* Features/Shell/AppShellView.swift */ = {isa = PBXFileReference; lastKnownFileType = sourcecode.swift; path = Features/Shell/AppShellView.swift; sourceTree = "<group>"; };
		A20000000000000000000014 /* Features/Learning/LearningDashboardView.swift */ = {isa = PBXFileReference; lastKnownFileType = sourcecode.swift; path = Features/Learning/LearningDashboardView.swift; sourceTree = "<group>"; };
		A20000000000000000000015 /* Features/Design/DesignDashboardView.swift */ = {isa = PBXFileReference; lastKnownFileType = sourcecode.swift; path = Features/Design/DesignDashboardView.swift; sourceTree = "<group>"; };
		A20000000000000000000016 /* Features/Profile/ProfileDashboardView.swift */ = {isa = PBXFileReference; lastKnownFileType = sourcecode.swift; path = Features/Profile/ProfileDashboardView.swift; sourceTree = "<group>"; };
		A2000000000000000000F301 /* Features/Profile/LegalDocument.swift */ = {isa = PBXFileReference; lastKnownFileType = sourcecode.swift; path = Features/Profile/LegalDocument.swift; sourceTree = "<group>"; };
		A20000000000000000000017 /* Services/SessionStore.swift */ = {isa = PBXFileReference; lastKnownFileType = sourcecode.swift; path = Services/SessionStore.swift; sourceTree = "<group>"; };
		A20000000000000000000018 /* Features/Words/WordListView.swift */ = {isa = PBXFileReference; lastKnownFileType = sourcecode.swift; path = Features/Words/WordListView.swift; sourceTree = "<group>"; };
		A20000000000000000000019 /* Services/AudioPlaybackService.swift */ = {isa = PBXFileReference; lastKnownFileType = sourcecode.swift; path = Services/AudioPlaybackService.swift; sourceTree = "<group>"; };
		A2000000000000000000001A /* Features/Words/WordEditSheet.swift */ = {isa = PBXFileReference; lastKnownFileType = sourcecode.swift; path = Features/Words/WordEditSheet.swift; sourceTree = "<group>"; };
		A2000000000000000000001B /* Features/Words/TagSheet.swift */ = {isa = PBXFileReference; lastKnownFileType = sourcecode.swift; path = Features/Words/TagSheet.swift; sourceTree = "<group>"; };
		A2000000000000000000001C /* Models/DesignSettings.swift */ = {isa = PBXFileReference; lastKnownFileType = sourcecode.swift; path = Models/DesignSettings.swift; sourceTree = "<group>"; };
		A20000000000000000000020 /* Services/AccountDeletionService.swift */ = {isa = PBXFileReference; lastKnownFileType = sourcecode.swift; path = Services/AccountDeletionService.swift; sourceTree = "<group>"; };
		A20000000000000000000021 /* Services/AppInfo.swift */ = {isa = PBXFileReference; lastKnownFileType = sourcecode.swift; path = Services/AppInfo.swift; sourceTree = "<group>"; };
		A20000000000000000000022 /* Resources/Licenses */ = {isa = PBXFileReference; lastKnownFileType = folder; path = Resources/Licenses; sourceTree = "<group>"; };
		A20000000000000000000023 /* Models/DeckFile.swift */ = {isa = PBXFileReference; lastKnownFileType = sourcecode.swift; path = Models/DeckFile.swift; sourceTree = "<group>"; };
		A20000000000000000000024 /* Services/StudyDataSource.swift */ = {isa = PBXFileReference; lastKnownFileType = sourcecode.swift; path = Services/StudyDataSource.swift; sourceTree = "<group>"; };
		A200000000000000000000F1 /* Services/StudyQueueRules.swift */ = {isa = PBXFileReference; lastKnownFileType = sourcecode.swift; path = Services/StudyQueueRules.swift; sourceTree = "<group>"; };
		A200000000000000000001F1 /* Features/Study/StudyCardOrder.swift */ = {isa = PBXFileReference; lastKnownFileType = sourcecode.swift; path = Features/Study/StudyCardOrder.swift; sourceTree = "<group>"; };
		A20000000000000000000025 /* Services/LocalStudyDataSource.swift */ = {isa = PBXFileReference; lastKnownFileType = sourcecode.swift; path = Services/LocalStudyDataSource.swift; sourceTree = "<group>"; };
		A20000000000000000000026 /* Features/Learning/DeckLibraryView.swift */ = {isa = PBXFileReference; lastKnownFileType = sourcecode.swift; path = Features/Learning/DeckLibraryView.swift; sourceTree = "<group>"; };
		A20000000000000000000028 /* Services/GuestStudyBackupService.swift */ = {isa = PBXFileReference; lastKnownFileType = sourcecode.swift; path = Services/GuestStudyBackupService.swift; sourceTree = "<group>"; };
		A20000000000000000000029 /* Services/StudyBackupSyncer.swift */ = {isa = PBXFileReference; lastKnownFileType = sourcecode.swift; path = Services/StudyBackupSyncer.swift; sourceTree = "<group>"; };
		A2000000000000000000002A /* Services/UserFacingError.swift */ = {isa = PBXFileReference; lastKnownFileType = sourcecode.swift; path = Services/UserFacingError.swift; sourceTree = "<group>"; };
		A20000000000000000000E11 /* Services/EmailInput.swift */ = {isa = PBXFileReference; lastKnownFileType = sourcecode.swift; path = Services/EmailInput.swift; sourceTree = "<group>"; };
		A2000000000000000000002B /* Resources/Assets.xcassets */ = {isa = PBXFileReference; lastKnownFileType = folder.assetcatalog; path = Resources/Assets.xcassets; sourceTree = "<group>"; };
		A2000000000000000000002C /* Resources/PrivacyInfo.xcprivacy */ = {isa = PBXFileReference; lastKnownFileType = text.plist.xml; path = Resources/PrivacyInfo.xcprivacy; sourceTree = "<group>"; };
		A2000000000000000000002E /* Resources/StarterDeck.json */ = {isa = PBXFileReference; lastKnownFileType = text.json; path = Resources/StarterDeck.json; sourceTree = "<group>"; };
		A2000000000000000000002D /* Services/ImageLoading/CardImageLoader.swift */ = {isa = PBXFileReference; lastKnownFileType = sourcecode.swift; path = Services/ImageLoading/CardImageLoader.swift; sourceTree = "<group>"; };
		A2000000000000000000F401 /* Services/MediaStore.swift */ = {isa = PBXFileReference; lastKnownFileType = sourcecode.swift; path = Services/MediaStore.swift; sourceTree = "<group>"; };
		A2000000000000000000F402 /* Services/MediaDownloader.swift */ = {isa = PBXFileReference; lastKnownFileType = sourcecode.swift; path = Services/MediaDownloader.swift; sourceTree = "<group>"; };
		A20000000000000000000030 /* DesignSystem/Tokens/WireColor.swift */ = {isa = PBXFileReference; lastKnownFileType = sourcecode.swift; path = DesignSystem/Tokens/WireColor.swift; sourceTree = "<group>"; };
		A20000000000000000000031 /* DesignSystem/Tokens/WireMetrics.swift */ = {isa = PBXFileReference; lastKnownFileType = sourcecode.swift; path = DesignSystem/Tokens/WireMetrics.swift; sourceTree = "<group>"; };
		A20000000000000000000032 /* DesignSystem/Tokens/WireTypography.swift */ = {isa = PBXFileReference; lastKnownFileType = sourcecode.swift; path = DesignSystem/Tokens/WireTypography.swift; sourceTree = "<group>"; };
		A20000000000000000000033 /* DesignSystem/Modifiers/OffsetShadow.swift */ = {isa = PBXFileReference; lastKnownFileType = sourcecode.swift; path = DesignSystem/Modifiers/OffsetShadow.swift; sourceTree = "<group>"; };
		A20000000000000000000034 /* DesignSystem/Modifiers/OutlineSurface.swift */ = {isa = PBXFileReference; lastKnownFileType = sourcecode.swift; path = DesignSystem/Modifiers/OutlineSurface.swift; sourceTree = "<group>"; };
		A20000000000000000000035 /* DesignSystem/Components/WireCard.swift */ = {isa = PBXFileReference; lastKnownFileType = sourcecode.swift; path = DesignSystem/Components/WireCard.swift; sourceTree = "<group>"; };
		A20000000000000000000036 /* DesignSystem/Components/WireButton.swift */ = {isa = PBXFileReference; lastKnownFileType = sourcecode.swift; path = DesignSystem/Components/WireButton.swift; sourceTree = "<group>"; };
		A200000000000000000000F3 /* DesignSystem/Components/WireIconButton.swift */ = {isa = PBXFileReference; lastKnownFileType = sourcecode.swift; path = DesignSystem/Components/WireIconButton.swift; sourceTree = "<group>"; };
		A20000000000000000000037 /* DesignSystem/Components/WireTextField.swift */ = {isa = PBXFileReference; lastKnownFileType = sourcecode.swift; path = DesignSystem/Components/WireTextField.swift; sourceTree = "<group>"; };
		A20000000000000000000038 /* DesignSystem/Components/WirePill.swift */ = {isa = PBXFileReference; lastKnownFileType = sourcecode.swift; path = DesignSystem/Components/WirePill.swift; sourceTree = "<group>"; };
		A2000000000000000000003A /* DesignSystem/Components/WireImagePlaceholder.swift */ = {isa = PBXFileReference; lastKnownFileType = sourcecode.swift; path = DesignSystem/Components/WireImagePlaceholder.swift; sourceTree = "<group>"; };
		A2000000000000000000003D /* DesignSystem/Components/BentoGroup.swift */ = {isa = PBXFileReference; lastKnownFileType = sourcecode.swift; path = DesignSystem/Components/BentoGroup.swift; sourceTree = "<group>"; };
		A2000000000000000000003E /* Services/HapticFeedbackService.swift */ = {isa = PBXFileReference; lastKnownFileType = sourcecode.swift; path = Services/HapticFeedbackService.swift; sourceTree = "<group>"; };
		A2000000000000000000077 /* Features/Learning/DeckSummaryViews.swift */ = {isa = PBXFileReference; lastKnownFileType = sourcecode.swift; path = Features/Learning/DeckSummaryViews.swift; sourceTree = "<group>"; };
		A2000000000000000000901 /* Features/Learning/DeckCarouselView.swift */ = {isa = PBXFileReference; lastKnownFileType = sourcecode.swift; path = Features/Learning/DeckCarouselView.swift; sourceTree = "<group>"; };
		A2000000000000000000903 /* Features/Learning/DeckFolderViews.swift */ = {isa = PBXFileReference; lastKnownFileType = sourcecode.swift; path = Features/Learning/DeckFolderViews.swift; sourceTree = "<group>"; };
		A2000000000000000000902 /* Features/Learning/DeckCoverStore.swift */ = {isa = PBXFileReference; lastKnownFileType = sourcecode.swift; path = Features/Learning/DeckCoverStore.swift; sourceTree = "<group>"; };
		A20000000000000000000F02 /* Features/Design/DesignPreviewStage.swift */ = {isa = PBXFileReference; lastKnownFileType = sourcecode.swift; path = Features/Design/DesignPreviewStage.swift; sourceTree = "<group>"; };
		A20000000000000000000FA1 /* Features/Study/WordCardContent.swift */ = {isa = PBXFileReference; lastKnownFileType = sourcecode.swift; path = Features/Study/WordCardContent.swift; sourceTree = "<group>"; };
		A200000000000000000070 /* Features/Words/WordListViewModel.swift */ = {isa = PBXFileReference; lastKnownFileType = sourcecode.swift; path = Features/Words/WordListViewModel.swift; sourceTree = "<group>"; };
		A200000000000000000071 /* Features/Words/WordListFilters.swift */ = {isa = PBXFileReference; lastKnownFileType = sourcecode.swift; path = Features/Words/WordListFilters.swift; sourceTree = "<group>"; };
		A200000000000000000072 /* Features/Words/WordListFilterBars.swift */ = {isa = PBXFileReference; lastKnownFileType = sourcecode.swift; path = Features/Words/WordListFilterBars.swift; sourceTree = "<group>"; };
		A200000000000000000073 /* Features/Words/WordListRowViews.swift */ = {isa = PBXFileReference; lastKnownFileType = sourcecode.swift; path = Features/Words/WordListRowViews.swift; sourceTree = "<group>"; };
		A2000000000000000000F9 /* Features/Words/WordRowActions.swift */ = {isa = PBXFileReference; lastKnownFileType = sourcecode.swift; path = Features/Words/WordRowActions.swift; sourceTree = "<group>"; };
		A2000000000000000000D5 /* Features/Words/RedSheetLayer.swift */ = {isa = PBXFileReference; lastKnownFileType = sourcecode.swift; path = Features/Words/RedSheetLayer.swift; sourceTree = "<group>"; };
		A200000000000000000074 /* Features/Words/WordListErrorBox.swift */ = {isa = PBXFileReference; lastKnownFileType = sourcecode.swift; path = Features/Words/WordListErrorBox.swift; sourceTree = "<group>"; };
		A200000000000000000075 /* Features/Words/WordDetailSheet.swift */ = {isa = PBXFileReference; lastKnownFileType = sourcecode.swift; path = Features/Words/WordDetailSheet.swift; sourceTree = "<group>"; };
		A2000000000000000000F1 /* Features/Words/InteractiveSwipeBack.swift */ = {isa = PBXFileReference; lastKnownFileType = sourcecode.swift; path = Features/Words/InteractiveSwipeBack.swift; sourceTree = "<group>"; };
		B20000000000000000000001 /* LearningProgressTests.swift */ = {isa = PBXFileReference; lastKnownFileType = sourcecode.swift; path = LearningProgressTests.swift; sourceTree = "<group>"; };
		B200000000000000000001F1 /* StudyCardOrderTests.swift */ = {isa = PBXFileReference; lastKnownFileType = sourcecode.swift; path = StudyCardOrderTests.swift; sourceTree = "<group>"; };
		B20000000000000000000002 /* UsalingoIOSTests.xctest */ = {isa = PBXFileReference; explicitFileType = wrapper.cfbundle; includeInIndex = 0; path = UsalingoIOSTests.xctest; sourceTree = BUILT_PRODUCTS_DIR; };
		B20000000000000000000003 /* WordCardTests.swift */ = {isa = PBXFileReference; lastKnownFileType = sourcecode.swift; path = WordCardTests.swift; sourceTree = "<group>"; };
		B20000000000000000000005 /* AuthTransportTests.swift */ = {isa = PBXFileReference; lastKnownFileType = sourcecode.swift; path = AuthTransportTests.swift; sourceTree = "<group>"; };
		B20000000000000000000006 /* AuthConfirmationTests.swift */ = {isa = PBXFileReference; lastKnownFileType = sourcecode.swift; path = AuthConfirmationTests.swift; sourceTree = "<group>"; };
		B20000000000000000000007 /* AccountDeletionTests.swift */ = {isa = PBXFileReference; lastKnownFileType = sourcecode.swift; path = AccountDeletionTests.swift; sourceTree = "<group>"; };
		B20000000000000000000008 /* AppInfoTests.swift */ = {isa = PBXFileReference; lastKnownFileType = sourcecode.swift; path = AppInfoTests.swift; sourceTree = "<group>"; };
		B20000000000000000000009 /* LocalStudyDataSourceTests.swift */ = {isa = PBXFileReference; lastKnownFileType = sourcecode.swift; path = LocalStudyDataSourceTests.swift; sourceTree = "<group>"; };
		B2000000000000000000000A /* GuestStudyBackupServiceTests.swift */ = {isa = PBXFileReference; lastKnownFileType = sourcecode.swift; path = GuestStudyBackupServiceTests.swift; sourceTree = "<group>"; };
		B2000000000000000000000B /* UserFacingErrorTests.swift */ = {isa = PBXFileReference; lastKnownFileType = sourcecode.swift; path = UserFacingErrorTests.swift; sourceTree = "<group>"; };
		B20000000000000000000E11 /* EmailInputTests.swift */ = {isa = PBXFileReference; lastKnownFileType = sourcecode.swift; path = EmailInputTests.swift; sourceTree = "<group>"; };
		B20000000000000000000E12 /* DeckProgressSummaryTests.swift */ = {isa = PBXFileReference; lastKnownFileType = sourcecode.swift; path = DeckProgressSummaryTests.swift; sourceTree = "<group>"; };
		B20000000000000000000E90 /* DeckCarouselTests.swift */ = {isa = PBXFileReference; lastKnownFileType = sourcecode.swift; path = DeckCarouselTests.swift; sourceTree = "<group>"; };
		B2000000000000000000002A /* LegalDocumentTests.swift */ = {isa = PBXFileReference; lastKnownFileType = sourcecode.swift; path = LegalDocumentTests.swift; sourceTree = "<group>"; };
		B2000000000000000000009B /* StudyBackupSyncerTests.swift */ = {isa = PBXFileReference; lastKnownFileType = sourcecode.swift; path = StudyBackupSyncerTests.swift; sourceTree = "<group>"; };
		B2000000000000000000009C /* CardImageCacheTests.swift */ = {isa = PBXFileReference; lastKnownFileType = sourcecode.swift; path = CardImageCacheTests.swift; sourceTree = "<group>"; };
		B2000000000000000000C301 /* MediaStoreTests.swift */ = {isa = PBXFileReference; lastKnownFileType = sourcecode.swift; path = MediaStoreTests.swift; sourceTree = "<group>"; };
		B200000000000000000012 /* WordListFiltersTests.swift */ = {isa = PBXFileReference; lastKnownFileType = sourcecode.swift; path = WordListFiltersTests.swift; sourceTree = "<group>"; };
		B200000000000000000013 /* WordListViewModelTests.swift */ = {isa = PBXFileReference; lastKnownFileType = sourcecode.swift; path = WordListViewModelTests.swift; sourceTree = "<group>"; };
		B2000000000000000000A204 /* WordListColumnLayoutTests.swift */ = {isa = PBXFileReference; lastKnownFileType = sourcecode.swift; path = WordListColumnLayoutTests.swift; sourceTree = "<group>"; };
/* End PBXFileReference section */

/* Begin PBXFrameworksBuildPhase section */
		A30000000000000000000001 /* Frameworks */ = {
			isa = PBXFrameworksBuildPhase;
			buildActionMask = 2147483647;
			files = (
				A10000000000000000000040 /* Nuke in Frameworks */,
				A10000000000000000000041 /* NukeUI in Frameworks */,
			);
			runOnlyForDeploymentPostprocessing = 0;
		};
		B30000000000000000000001 /* Frameworks */ = {
			isa = PBXFrameworksBuildPhase;
			buildActionMask = 2147483647;
			files = (
			);
			runOnlyForDeploymentPostprocessing = 0;
		};
/* End PBXFrameworksBuildPhase section */

/* Begin PBXGroup section */
		A40000000000000000000001 = {
			isa = PBXGroup;
			children = (
				A40000000000000000000002 /* UsalingoIOS */,
				B40000000000000000000001 /* UsalingoIOSTests */,
				A20000000000000000000011 /* Config/Local.xcconfig */,
				A40000000000000000000003 /* Products */,
			);
			sourceTree = "<group>";
		};
		A40000000000000000000002 /* UsalingoIOS */ = {
			isa = PBXGroup;
			children = (
				A20000000000000000000001 /* UsalingoIOSApp.swift */,
				A20000000000000000000002 /* App/AppState.swift */,
				A20000000000000000000003 /* Models/Deck.swift */,
				A20000000000000000000004 /* Models/WordCard.swift */,
				A20000000000000000000005 /* Models/LearningProgress.swift */,
				A20000000000000000000023 /* Models/DeckFile.swift */,
				A2000000000000000000001C /* Models/DesignSettings.swift */,
				A20000000000000000000006 /* Services/SupabaseConfig.swift */,
				A2000000000000000000002A /* Services/UserFacingError.swift */,
				A20000000000000000000E11 /* Services/EmailInput.swift */,
				A20000000000000000000007 /* Services/SupabaseClient.swift */,
				A20000000000000000000008 /* Services/AuthService.swift */,
				A20000000000000000000020 /* Services/AccountDeletionService.swift */,
				A20000000000000000000021 /* Services/AppInfo.swift */,
				A2000000000000000000000A /* Services/StudyService.swift */,
				A20000000000000000000024 /* Services/StudyDataSource.swift */,
				A200000000000000000000F1 /* Services/StudyQueueRules.swift */,
				A200000000000000000001F1 /* Features/Study/StudyCardOrder.swift */,
				A20000000000000000000025 /* Services/LocalStudyDataSource.swift */,
				A20000000000000000000017 /* Services/SessionStore.swift */,
				A20000000000000000000019 /* Services/AudioPlaybackService.swift */,
				A2000000000000000000003E /* Services/HapticFeedbackService.swift */,
				A2000000000000000000002D /* Services/ImageLoading/CardImageLoader.swift */,
				A2000000000000000000F401 /* Services/MediaStore.swift */,
				A2000000000000000000F402 /* Services/MediaDownloader.swift */,
				A20000000000000000000030 /* DesignSystem/Tokens/WireColor.swift */,
				A20000000000000000000031 /* DesignSystem/Tokens/WireMetrics.swift */,
				A20000000000000000000032 /* DesignSystem/Tokens/WireTypography.swift */,
				A20000000000000000000033 /* DesignSystem/Modifiers/OffsetShadow.swift */,
				A20000000000000000000034 /* DesignSystem/Modifiers/OutlineSurface.swift */,
				A20000000000000000000035 /* DesignSystem/Components/WireCard.swift */,
				A20000000000000000000036 /* DesignSystem/Components/WireButton.swift */,
				A200000000000000000000F3 /* DesignSystem/Components/WireIconButton.swift */,
				A20000000000000000000037 /* DesignSystem/Components/WireTextField.swift */,
				A20000000000000000000038 /* DesignSystem/Components/WirePill.swift */,
				A2000000000000000000003A /* DesignSystem/Components/WireImagePlaceholder.swift */,
				A2000000000000000000003D /* DesignSystem/Components/BentoGroup.swift */,
				A2000000000000000000000C /* Features/Auth/AuthView.swift */,
				A2000000000000000000000E /* Features/Study/StudySessionView.swift */,
				A200000000000000000000F2 /* Features/Study/StudyAnswerQueue.swift */,
				A2000000000000000000000F /* Features/Study/StudyCardView.swift */,
				A20000000000000000000FA1 /* Features/Study/WordCardContent.swift */,
				A2000000000000000000A101 /* Features/Study/MatchingGame.swift */,
				A2000000000000000000C101 /* Features/Study/FiveChoiceGame.swift */,
				A2000000000000000000A102 /* Features/Study/MatchingGameView.swift */,
				A2000000000000000000C102 /* Features/Study/FiveChoiceView.swift */,
				A2000000000000000000A103 /* Features/Study/RadioQueue.swift */,
				A2000000000000000000A104 /* Features/Study/AudioRadioView.swift */,
				A2000000000000000000A106 /* Features/Study/AudioCarouselMotion.swift */,
				A2000000000000000000A105 /* Services/RadioPlayer.swift */,
				A20000000000000000000013 /* Features/Shell/AppShellView.swift */,
				A20000000000000000000014 /* Features/Learning/LearningDashboardView.swift */,
				A20000000000000000000026 /* Features/Learning/DeckLibraryView.swift */,
				A2000000000000000000077 /* Features/Learning/DeckSummaryViews.swift */,
				A2000000000000000000901 /* Features/Learning/DeckCarouselView.swift */,
				A2000000000000000000902 /* Features/Learning/DeckCoverStore.swift */,
				A2000000000000000000903 /* Features/Learning/DeckFolderViews.swift */,
				A20000000000000000000029 /* Services/StudyBackupSyncer.swift */,
				A20000000000000000000028 /* Services/GuestStudyBackupService.swift */,
				A20000000000000000000015 /* Features/Design/DesignDashboardView.swift */,
				A20000000000000000000F02 /* Features/Design/DesignPreviewStage.swift */,
				A20000000000000000000016 /* Features/Profile/ProfileDashboardView.swift */,
				A2000000000000000000F301 /* Features/Profile/LegalDocument.swift */,
				A20000000000000000000018 /* Features/Words/WordListView.swift */,
				A200000000000000000070 /* Features/Words/WordListViewModel.swift */,
				A200000000000000000071 /* Features/Words/WordListFilters.swift */,
				A200000000000000000072 /* Features/Words/WordListFilterBars.swift */,
				A2000000000000000000F1 /* Features/Words/InteractiveSwipeBack.swift */,
				A200000000000000000073 /* Features/Words/WordListRowViews.swift */,
				A2000000000000000000F9 /* Features/Words/WordRowActions.swift */,
				A2000000000000000000D5 /* Features/Words/RedSheetLayer.swift */,
				A200000000000000000074 /* Features/Words/WordListErrorBox.swift */,
				A200000000000000000075 /* Features/Words/WordDetailSheet.swift */,
				A2000000000000000000001A /* Features/Words/WordEditSheet.swift */,
				A2000000000000000000001B /* Features/Words/TagSheet.swift */,
				A20000000000000000000022 /* Resources/Licenses */,
				A2000000000000000000002B /* Resources/Assets.xcassets */,
				A2000000000000000000002C /* Resources/PrivacyInfo.xcprivacy */,
				A2000000000000000000002E /* Resources/StarterDeck.json */,
				A20000000000000000000012 /* Info.plist */,
			);
			path = UsalingoIOS;
			sourceTree = "<group>";
		};
		A40000000000000000000003 /* Products */ = {
			isa = PBXGroup;
			children = (
				A20000000000000000000010 /* UsalingoIOS.app */,
				B20000000000000000000002 /* UsalingoIOSTests.xctest */,
			);
			name = Products;
			sourceTree = "<group>";
		};
		B40000000000000000000001 /* UsalingoIOSTests */ = {
			isa = PBXGroup;
			children = (
				B20000000000000000000001 /* LearningProgressTests.swift */,
				B200000000000000000001F1 /* StudyCardOrderTests.swift */,
				B2000000000000000000000B /* UserFacingErrorTests.swift */,
				B20000000000000000000E11 /* EmailInputTests.swift */,
				B20000000000000000000E12 /* DeckProgressSummaryTests.swift */,
				B20000000000000000000E90 /* DeckCarouselTests.swift */,
				B2000000000000000000A201 /* MatchingGameTests.swift */,
				C30200000000000000000001 /* PlayStyleBarHitTestTests.swift */,
				B2000000000000000000C201 /* FiveChoiceGameTests.swift */,
				B2000000000000000000A202 /* RadioQueueTests.swift */,
				B2000000000000000000A203 /* AudioCarouselMotionTests.swift */,
				B20000000000000000000003 /* WordCardTests.swift */,
				B200000000000000000012 /* WordListFiltersTests.swift */,
				B200000000000000000013 /* WordListViewModelTests.swift */,
				B2000000000000000000A204 /* WordListColumnLayoutTests.swift */,
				B20000000000000000000005 /* AuthTransportTests.swift */,
				B20000000000000000000006 /* AuthConfirmationTests.swift */,
				B20000000000000000000007 /* AccountDeletionTests.swift */,
				B20000000000000000000008 /* AppInfoTests.swift */,
				B2000000000000000000002A /* LegalDocumentTests.swift */,
				B20000000000000000000009 /* LocalStudyDataSourceTests.swift */,
				B2000000000000000000000A /* GuestStudyBackupServiceTests.swift */,
				B2000000000000000000009B /* StudyBackupSyncerTests.swift */,
				B2000000000000000000009C /* CardImageCacheTests.swift */,
				B2000000000000000000C301 /* MediaStoreTests.swift */,
			);
			path = UsalingoIOSTests;
			sourceTree = "<group>";
		};
/* End PBXGroup section */

/* Begin PBXNativeTarget section */
		A50000000000000000000001 /* UsalingoIOS */ = {
			isa = PBXNativeTarget;
			buildConfigurationList = A90000000000000000000003 /* Build configuration list for PBXNativeTarget "UsalingoIOS" */;
			buildPhases = (
				A70000000000000000000001 /* Sources */,
				A30000000000000000000001 /* Frameworks */,
				AA0000000000000000000001 /* Resources */,
			);
			buildRules = (
			);
			dependencies = (
			);
			name = UsalingoIOS;
			packageProductDependencies = (
				A100000000000000000000C1 /* Nuke */,
				A100000000000000000000C2 /* NukeUI */,
			);
			productName = UsalingoIOS;
			productReference = A20000000000000000000010 /* UsalingoIOS.app */;
			productType = "com.apple.product-type.application";
		};
		B50000000000000000000001 /* UsalingoIOSTests */ = {
			isa = PBXNativeTarget;
			buildConfigurationList = B90000000000000000000001 /* Build configuration list for PBXNativeTarget "UsalingoIOSTests" */;
			buildPhases = (
				B70000000000000000000001 /* Sources */,
				B30000000000000000000001 /* Frameworks */,
			);
			buildRules = (
			);
			dependencies = (
				B60000000000000000000001 /* PBXTargetDependency */,
			);
			name = UsalingoIOSTests;
			productName = UsalingoIOSTests;
			productReference = B20000000000000000000002 /* UsalingoIOSTests.xctest */;
			productType = "com.apple.product-type.bundle.unit-test";
		};
/* End PBXNativeTarget section */

/* Begin PBXProject section */
		A60000000000000000000001 /* Project object */ = {
			isa = PBXProject;
			attributes = {
				BuildIndependentTargetsInParallel = 1;
				LastSwiftUpdateCheck = 1600;
				LastUpgradeCheck = 1600;
				TargetAttributes = {
					A50000000000000000000001 = {
						CreatedOnToolsVersion = 16.0;
					};
					B50000000000000000000001 = {
						CreatedOnToolsVersion = 16.0;
						TestTargetID = A50000000000000000000001;
					};
				};
			};
			buildConfigurationList = A90000000000000000000001 /* Build configuration list for PBXProject "UsalingoIOS" */;
			compatibilityVersion = "Xcode 14.0";
			developmentRegion = en;
			hasScannedForEncodings = 0;
			knownRegions = (
				en,
				Base,
			);
			mainGroup = A40000000000000000000001;
			packageReferences = (
				A100000000000000000000C0 /* XCRemoteSwiftPackageReference "Nuke" */,
			);
			productRefGroup = A40000000000000000000003 /* Products */;
			projectDirPath = "";
			projectRoot = "";
			targets = (
				A50000000000000000000001 /* UsalingoIOS */,
				B50000000000000000000001 /* UsalingoIOSTests */,
			);
		};
/* End PBXProject section */

/* Begin PBXResourcesBuildPhase section */
		AA0000000000000000000001 /* Resources */ = {
			isa = PBXResourcesBuildPhase;
			buildActionMask = 2147483647;
			files = (
				A10000000000000000000022 /* Resources/Licenses in Resources */,
				A1000000000000000000002B /* Resources/Assets.xcassets in Resources */,
				A1000000000000000000002C /* Resources/PrivacyInfo.xcprivacy in Resources */,
				A1000000000000000000002E /* Resources/StarterDeck.json in Resources */,
			);
			runOnlyForDeploymentPostprocessing = 0;
		};
/* End PBXResourcesBuildPhase section */

/* Begin PBXSourcesBuildPhase section */
		A70000000000000000000001 /* Sources */ = {
			isa = PBXSourcesBuildPhase;
			buildActionMask = 2147483647;
			files = (
				A10000000000000000000001 /* UsalingoIOSApp.swift in Sources */,
				A10000000000000000000002 /* App/AppState.swift in Sources */,
				A10000000000000000000003 /* Models/Deck.swift in Sources */,
				A10000000000000000000004 /* Models/WordCard.swift in Sources */,
				A10000000000000000000005 /* Models/LearningProgress.swift in Sources */,
				A10000000000000000000006 /* Services/SupabaseConfig.swift in Sources */,
				A1000000000000000000002A /* Services/UserFacingError.swift in Sources */,
				A10000000000000000000E11 /* Services/EmailInput.swift in Sources */,
				A10000000000000000000007 /* Services/SupabaseClient.swift in Sources */,
				A10000000000000000000008 /* Services/AuthService.swift in Sources */,
				A1000000000000000000000A /* Services/StudyService.swift in Sources */,
				A10000000000000000000023 /* Models/DeckFile.swift in Sources */,
				A10000000000000000000024 /* Services/StudyDataSource.swift in Sources */,
				A100000000000000000000F1 /* Services/StudyQueueRules.swift in Sources */,
				A100000000000000000001F1 /* Features/Study/StudyCardOrder.swift in Sources */,
				A10000000000000000000025 /* Services/LocalStudyDataSource.swift in Sources */,
				A10000000000000000000030 /* DesignSystem/Tokens/WireColor.swift in Sources */,
				A10000000000000000000031 /* DesignSystem/Tokens/WireMetrics.swift in Sources */,
				A10000000000000000000032 /* DesignSystem/Tokens/WireTypography.swift in Sources */,
				A10000000000000000000033 /* DesignSystem/Modifiers/OffsetShadow.swift in Sources */,
				A10000000000000000000034 /* DesignSystem/Modifiers/OutlineSurface.swift in Sources */,
				A10000000000000000000035 /* DesignSystem/Components/WireCard.swift in Sources */,
				A10000000000000000000036 /* DesignSystem/Components/WireButton.swift in Sources */,
				A100000000000000000000F3 /* DesignSystem/Components/WireIconButton.swift in Sources */,
				A10000000000000000000037 /* DesignSystem/Components/WireTextField.swift in Sources */,
				A10000000000000000000038 /* DesignSystem/Components/WirePill.swift in Sources */,
				A1000000000000000000003A /* DesignSystem/Components/WireImagePlaceholder.swift in Sources */,
				A1000000000000000000003D /* DesignSystem/Components/BentoGroup.swift in Sources */,
				A1000000000000000000000C /* Features/Auth/AuthView.swift in Sources */,
				A1000000000000000000000E /* Features/Study/StudySessionView.swift in Sources */,
				A100000000000000000000F2 /* Features/Study/StudyAnswerQueue.swift in Sources */,
				A1000000000000000000000F /* Features/Study/StudyCardView.swift in Sources */,
				A1000000000000000000A101 /* Features/Study/MatchingGame.swift in Sources */,
				A1000000000000000000C101 /* Features/Study/FiveChoiceGame.swift in Sources */,
				A1000000000000000000A102 /* Features/Study/MatchingGameView.swift in Sources */,
				A1000000000000000000C102 /* Features/Study/FiveChoiceView.swift in Sources */,
				A1000000000000000000A103 /* Features/Study/RadioQueue.swift in Sources */,
				A1000000000000000000A104 /* Features/Study/AudioRadioView.swift in Sources */,
				A1000000000000000000A106 /* Features/Study/AudioCarouselMotion.swift in Sources */,
				A1000000000000000000A105 /* Services/RadioPlayer.swift in Sources */,
				A10000000000000000000FA1 /* Features/Study/WordCardContent.swift in Sources */,
				A10000000000000000000013 /* Features/Shell/AppShellView.swift in Sources */,
				A10000000000000000000014 /* Features/Learning/LearningDashboardView.swift in Sources */,
				A10000000000000000000026 /* Features/Learning/DeckLibraryView.swift in Sources */,
				A1000000000000000000077 /* Features/Learning/DeckSummaryViews.swift in Sources */,
				A1000000000000000000901 /* Features/Learning/DeckCarouselView.swift in Sources */,
				A1000000000000000000902 /* Features/Learning/DeckCoverStore.swift in Sources */,
				A1000000000000000000903 /* Features/Learning/DeckFolderViews.swift in Sources */,
				A10000000000000000000029 /* Services/StudyBackupSyncer.swift in Sources */,
				A10000000000000000000028 /* Services/GuestStudyBackupService.swift in Sources */,
				A10000000000000000000015 /* Features/Design/DesignDashboardView.swift in Sources */,
				A10000000000000000000F02 /* Features/Design/DesignPreviewStage.swift in Sources */,
				A10000000000000000000016 /* Features/Profile/ProfileDashboardView.swift in Sources */,
				A1000000000000000000F301 /* Features/Profile/LegalDocument.swift in Sources */,
				A10000000000000000000017 /* Services/SessionStore.swift in Sources */,
				A10000000000000000000018 /* Features/Words/WordListView.swift in Sources */,
				A100000000000000000070 /* Features/Words/WordListViewModel.swift in Sources */,
				A100000000000000000071 /* Features/Words/WordListFilters.swift in Sources */,
				A100000000000000000072 /* Features/Words/WordListFilterBars.swift in Sources */,
				A1000000000000000000F1 /* Features/Words/InteractiveSwipeBack.swift in Sources */,
				A100000000000000000073 /* Features/Words/WordListRowViews.swift in Sources */,
				A1000000000000000000F9 /* Features/Words/WordRowActions.swift in Sources */,
				A1000000000000000000D5 /* Features/Words/RedSheetLayer.swift in Sources */,
				A100000000000000000074 /* Features/Words/WordListErrorBox.swift in Sources */,
				A100000000000000000075 /* Features/Words/WordDetailSheet.swift in Sources */,
				A10000000000000000000019 /* Services/AudioPlaybackService.swift in Sources */,
				A1000000000000000000003E /* Services/HapticFeedbackService.swift in Sources */,
				A1000000000000000000003F /* Services/ImageLoading/CardImageLoader.swift in Sources */,
				A1000000000000000000F401 /* Services/MediaStore.swift in Sources */,
				A1000000000000000000F402 /* Services/MediaDownloader.swift in Sources */,
				A1000000000000000000001A /* Features/Words/WordEditSheet.swift in Sources */,
				A1000000000000000000001B /* Features/Words/TagSheet.swift in Sources */,
				A1000000000000000000001C /* Models/DesignSettings.swift in Sources */,
				A10000000000000000000020 /* Services/AccountDeletionService.swift in Sources */,
				A10000000000000000000021 /* Services/AppInfo.swift in Sources */,
			);
			runOnlyForDeploymentPostprocessing = 0;
		};
		B70000000000000000000001 /* Sources */ = {
			isa = PBXSourcesBuildPhase;
			buildActionMask = 2147483647;
			files = (
				B10000000000000000000001 /* LearningProgressTests.swift in Sources */,
				B100000000000000000001F1 /* StudyCardOrderTests.swift in Sources */,
				B1000000000000000000000B /* UserFacingErrorTests.swift in Sources */,
				B10000000000000000000E11 /* EmailInputTests.swift in Sources */,
				B10000000000000000000E12 /* DeckProgressSummaryTests.swift in Sources */,
				B10000000000000000000E90 /* DeckCarouselTests.swift in Sources */,
				B1000000000000000000A201 /* MatchingGameTests.swift in Sources */,
				C30100000000000000000001 /* PlayStyleBarHitTestTests.swift in Sources */,
				B1000000000000000000C201 /* FiveChoiceGameTests.swift in Sources */,
				B1000000000000000000A202 /* RadioQueueTests.swift in Sources */,
				B1000000000000000000A203 /* AudioCarouselMotionTests.swift in Sources */,
				B10000000000000000000002 /* WordCardTests.swift in Sources */,
				B100000000000000000012 /* WordListFiltersTests.swift in Sources */,
				B100000000000000000013 /* WordListViewModelTests.swift in Sources */,
				B1000000000000000000A204 /* WordListColumnLayoutTests.swift in Sources */,
				B10000000000000000000004 /* AuthTransportTests.swift in Sources */,
				B10000000000000000000005 /* AuthConfirmationTests.swift in Sources */,
				B10000000000000000000006 /* AccountDeletionTests.swift in Sources */,
				B10000000000000000000007 /* AppInfoTests.swift in Sources */,
				B1000000000000000000002A /* LegalDocumentTests.swift in Sources */,
				B10000000000000000000008 /* LocalStudyDataSourceTests.swift in Sources */,
				B1000000000000000000000A /* GuestStudyBackupServiceTests.swift in Sources */,
				B1000000000000000000009B /* StudyBackupSyncerTests.swift in Sources */,
				B1000000000000000000009C /* CardImageCacheTests.swift in Sources */,
				B1000000000000000000C301 /* MediaStoreTests.swift in Sources */,
			);
			runOnlyForDeploymentPostprocessing = 0;
		};
/* End PBXSourcesBuildPhase section */

/* Begin PBXTargetDependency section */
		B60000000000000000000001 /* PBXTargetDependency */ = {
			isa = PBXTargetDependency;
			target = A50000000000000000000001 /* UsalingoIOS */;
			targetProxy = B00000000000000000000001 /* PBXContainerItemProxy */;
		};
/* End PBXTargetDependency section */

/* Begin XCBuildConfiguration section */
		A80000000000000000000001 /* Debug */ = {
			isa = XCBuildConfiguration;
			buildSettings = {
				ALWAYS_SEARCH_USER_PATHS = NO;
				CLANG_ANALYZER_NONNULL = YES;
				CLANG_ANALYZER_NUMBER_OBJECT_CONVERSION = YES_AGGRESSIVE;
				CLANG_CXX_LANGUAGE_STANDARD = "gnu++20";
				CLANG_ENABLE_MODULES = YES;
				CLANG_ENABLE_OBJC_ARC = YES;
				CLANG_ENABLE_OBJC_WEAK = YES;
				CLANG_WARN_BLOCK_CAPTURE_AUTORELEASING = YES;
				CLANG_WARN_BOOL_CONVERSION = YES;
				CLANG_WARN_COMMA = YES;
				CLANG_WARN_CONSTANT_CONVERSION = YES;
				CLANG_WARN_DEPRECATED_OBJC_IMPLEMENTATIONS = YES;
				CLANG_WARN_DIRECT_OBJC_ISA_USAGE = YES_ERROR;
				CLANG_WARN_DOCUMENTATION_COMMENTS = YES;
				CLANG_WARN_EMPTY_BODY = YES;
				CLANG_WARN_ENUM_CONVERSION = YES;
				CLANG_WARN_INFINITE_RECURSION = YES;
				CLANG_WARN_INT_CONVERSION = YES;
				CLANG_WARN_NON_LITERAL_NULL_CONVERSION = YES;
				CLANG_WARN_OBJC_IMPLICIT_RETAIN_SELF = YES;
				CLANG_WARN_OBJC_LITERAL_CONVERSION = YES;
				CLANG_WARN_OBJC_ROOT_CLASS = YES_ERROR;
				CLANG_WARN_QUOTED_INCLUDE_IN_FRAMEWORK_HEADER = YES;
				CLANG_WARN_RANGE_LOOP_ANALYSIS = YES;
				CLANG_WARN_STRICT_PROTOTYPES = YES;
				CLANG_WARN_SUSPICIOUS_MOVE = YES;
				CLANG_WARN_UNGUARDED_AVAILABILITY = YES_AGGRESSIVE;
				CLANG_WARN_UNREACHABLE_CODE = YES;
				CLANG_WARN__DUPLICATE_METHOD_MATCH = YES;
				COPY_PHASE_STRIP = NO;
				DEBUG_INFORMATION_FORMAT = dwarf;
				ENABLE_STRICT_OBJC_MSGSEND = YES;
				ENABLE_TESTABILITY = YES;
				GCC_C_LANGUAGE_STANDARD = gnu17;
				GCC_DYNAMIC_NO_PIC = NO;
				GCC_NO_COMMON_BLOCKS = YES;
				GCC_OPTIMIZATION_LEVEL = 0;
				GCC_PREPROCESSOR_DEFINITIONS = (
					"DEBUG=1",
					"$(inherited)",
				);
				GCC_WARN_64_TO_32_BIT_CONVERSION = YES;
				GCC_WARN_ABOUT_RETURN_TYPE = YES_ERROR;
				GCC_WARN_UNDECLARED_SELECTOR = YES;
				GCC_WARN_UNINITIALIZED_AUTOS = YES_AGGRESSIVE;
				GCC_WARN_UNUSED_FUNCTION = YES;
				GCC_WARN_UNUSED_VARIABLE = YES;
				IPHONEOS_DEPLOYMENT_TARGET = 17.0;
				MTL_ENABLE_DEBUG_INFO = INCLUDE_SOURCE;
				MTL_FAST_MATH = YES;
				ONLY_ACTIVE_ARCH = YES;
				SDKROOT = iphoneos;
				SWIFT_ACTIVE_COMPILATION_CONDITIONS = DEBUG;
				SWIFT_OPTIMIZATION_LEVEL = "-Onone";
			};
			name = Debug;
		};
		A80000000000000000000002 /* Release */ = {
			isa = XCBuildConfiguration;
			buildSettings = {
				ALWAYS_SEARCH_USER_PATHS = NO;
				CLANG_ANALYZER_NONNULL = YES;
				CLANG_ANALYZER_NUMBER_OBJECT_CONVERSION = YES_AGGRESSIVE;
				CLANG_CXX_LANGUAGE_STANDARD = "gnu++20";
				CLANG_ENABLE_MODULES = YES;
				CLANG_ENABLE_OBJC_ARC = YES;
				CLANG_ENABLE_OBJC_WEAK = YES;
				CLANG_WARN_BLOCK_CAPTURE_AUTORELEASING = YES;
				CLANG_WARN_BOOL_CONVERSION = YES;
				CLANG_WARN_COMMA = YES;
				CLANG_WARN_CONSTANT_CONVERSION = YES;
				CLANG_WARN_DEPRECATED_OBJC_IMPLEMENTATIONS = YES;
				CLANG_WARN_DIRECT_OBJC_ISA_USAGE = YES_ERROR;
				CLANG_WARN_DOCUMENTATION_COMMENTS = YES;
				CLANG_WARN_EMPTY_BODY = YES;
				CLANG_WARN_ENUM_CONVERSION = YES;
				CLANG_WARN_INFINITE_RECURSION = YES;
				CLANG_WARN_INT_CONVERSION = YES;
				CLANG_WARN_NON_LITERAL_NULL_CONVERSION = YES;
				CLANG_WARN_OBJC_IMPLICIT_RETAIN_SELF = YES;
				CLANG_WARN_OBJC_LITERAL_CONVERSION = YES;
				CLANG_WARN_OBJC_ROOT_CLASS = YES_ERROR;
				CLANG_WARN_QUOTED_INCLUDE_IN_FRAMEWORK_HEADER = YES;
				CLANG_WARN_RANGE_LOOP_ANALYSIS = YES;
				CLANG_WARN_STRICT_PROTOTYPES = YES;
				CLANG_WARN_SUSPICIOUS_MOVE = YES;
				CLANG_WARN_UNGUARDED_AVAILABILITY = YES_AGGRESSIVE;
				CLANG_WARN_UNREACHABLE_CODE = YES;
				CLANG_WARN__DUPLICATE_METHOD_MATCH = YES;
				COPY_PHASE_STRIP = NO;
				DEBUG_INFORMATION_FORMAT = "dwarf-with-dsym";
				ENABLE_NS_ASSERTIONS = NO;
				ENABLE_STRICT_OBJC_MSGSEND = YES;
				GCC_C_LANGUAGE_STANDARD = gnu17;
				GCC_NO_COMMON_BLOCKS = YES;
				GCC_WARN_64_TO_32_BIT_CONVERSION = YES;
				GCC_WARN_ABOUT_RETURN_TYPE = YES_ERROR;
				GCC_WARN_UNDECLARED_SELECTOR = YES;
				GCC_WARN_UNINITIALIZED_AUTOS = YES_AGGRESSIVE;
				GCC_WARN_UNUSED_FUNCTION = YES;
				GCC_WARN_UNUSED_VARIABLE = YES;
				IPHONEOS_DEPLOYMENT_TARGET = 17.0;
				MTL_ENABLE_DEBUG_INFO = NO;
				MTL_FAST_MATH = YES;
				SDKROOT = iphoneos;
				SWIFT_COMPILATION_MODE = wholemodule;
				VALIDATE_PRODUCT = YES;
			};
			name = Release;
		};
		A80000000000000000000003 /* Debug */ = {
			isa = XCBuildConfiguration;
			baseConfigurationReference = A20000000000000000000011 /* Config/Local.xcconfig */;
			buildSettings = {
				ASSETCATALOG_COMPILER_APPICON_NAME = AppIcon;
				ASSETCATALOG_COMPILER_GLOBAL_ACCENT_COLOR_NAME = AccentColor;
				CODE_SIGN_STYLE = Automatic;
				CURRENT_PROJECT_VERSION = 2;
				DEVELOPMENT_ASSET_PATHS = "";
				DEVELOPMENT_TEAM = CTSYH44JRG;
				ENABLE_PREVIEWS = YES;
				GENERATE_INFOPLIST_FILE = NO;
				INFOPLIST_FILE = UsalingoIOS/Info.plist;
				LD_RUNPATH_SEARCH_PATHS = (
					"$(inherited)",
					"@executable_path/Frameworks",
				);
				MARKETING_VERSION = 2.0.0;
				PRODUCT_BUNDLE_IDENTIFIER = com.usalingo.ios;
				PRODUCT_NAME = "$(TARGET_NAME)";
				SUPPORTED_PLATFORMS = "iphoneos iphonesimulator";
				SUPPORTS_MACCATALYST = NO;
				SUPPORTS_MAC_DESIGNED_FOR_IPHONE_IPAD = NO;
				SUPPORTS_XR_DESIGNED_FOR_IPHONE_IPAD = NO;
				SWIFT_EMIT_LOC_STRINGS = YES;
				SWIFT_VERSION = 5.0;
				TARGETED_DEVICE_FAMILY = 1;
			};
			name = Debug;
		};
		A80000000000000000000004 /* Release */ = {
			isa = XCBuildConfiguration;
			baseConfigurationReference = A20000000000000000000011 /* Config/Local.xcconfig */;
			buildSettings = {
				ASSETCATALOG_COMPILER_APPICON_NAME = AppIcon;
				ASSETCATALOG_COMPILER_GLOBAL_ACCENT_COLOR_NAME = AccentColor;
				CODE_SIGN_STYLE = Automatic;
				CURRENT_PROJECT_VERSION = 2;
				DEVELOPMENT_ASSET_PATHS = "";
				DEVELOPMENT_TEAM = CTSYH44JRG;
				ENABLE_PREVIEWS = YES;
				GENERATE_INFOPLIST_FILE = NO;
				INFOPLIST_FILE = UsalingoIOS/Info.plist;
				LD_RUNPATH_SEARCH_PATHS = (
					"$(inherited)",
					"@executable_path/Frameworks",
				);
				MARKETING_VERSION = 2.0.0;
				PRODUCT_BUNDLE_IDENTIFIER = com.usalingo.ios;
				PRODUCT_NAME = "$(TARGET_NAME)";
				SUPPORTED_PLATFORMS = "iphoneos iphonesimulator";
				SUPPORTS_MACCATALYST = NO;
				SUPPORTS_MAC_DESIGNED_FOR_IPHONE_IPAD = NO;
				SUPPORTS_XR_DESIGNED_FOR_IPHONE_IPAD = NO;
				SWIFT_EMIT_LOC_STRINGS = YES;
				SWIFT_VERSION = 5.0;
				TARGETED_DEVICE_FAMILY = 1;
			};
			name = Release;
		};
		B80000000000000000000001 /* Debug */ = {
			isa = XCBuildConfiguration;
			buildSettings = {
				BUNDLE_LOADER = "$(TEST_HOST)";
				CODE_SIGN_STYLE = Automatic;
				CURRENT_PROJECT_VERSION = 1;
				GENERATE_INFOPLIST_FILE = YES;
				IPHONEOS_DEPLOYMENT_TARGET = 17.0;
				MARKETING_VERSION = 0.1.0;
				PRODUCT_BUNDLE_IDENTIFIER = com.usalingo.ios.tests;
				PRODUCT_NAME = "$(TARGET_NAME)";
				SWIFT_EMIT_LOC_STRINGS = NO;
				SWIFT_VERSION = 5.0;
				TARGETED_DEVICE_FAMILY = 1;
				TEST_HOST = "$(BUILT_PRODUCTS_DIR)/UsalingoIOS.app/$(BUNDLE_EXECUTABLE_FOLDER_PATH)/UsalingoIOS";
			};
			name = Debug;
		};
		B80000000000000000000002 /* Release */ = {
			isa = XCBuildConfiguration;
			buildSettings = {
				BUNDLE_LOADER = "$(TEST_HOST)";
				CODE_SIGN_STYLE = Automatic;
				CURRENT_PROJECT_VERSION = 1;
				GENERATE_INFOPLIST_FILE = YES;
				IPHONEOS_DEPLOYMENT_TARGET = 17.0;
				MARKETING_VERSION = 0.1.0;
				PRODUCT_BUNDLE_IDENTIFIER = com.usalingo.ios.tests;
				PRODUCT_NAME = "$(TARGET_NAME)";
				SWIFT_EMIT_LOC_STRINGS = NO;
				SWIFT_VERSION = 5.0;
				TARGETED_DEVICE_FAMILY = 1;
				TEST_HOST = "$(BUILT_PRODUCTS_DIR)/UsalingoIOS.app/$(BUNDLE_EXECUTABLE_FOLDER_PATH)/UsalingoIOS";
			};
			name = Release;
		};
/* End XCBuildConfiguration section */

/* Begin XCConfigurationList section */
		A90000000000000000000001 /* Build configuration list for PBXProject "UsalingoIOS" */ = {
			isa = XCConfigurationList;
			buildConfigurations = (
				A80000000000000000000001 /* Debug */,
				A80000000000000000000002 /* Release */,
			);
			defaultConfigurationIsVisible = 0;
			defaultConfigurationName = Release;
		};
		A90000000000000000000003 /* Build configuration list for PBXNativeTarget "UsalingoIOS" */ = {
			isa = XCConfigurationList;
			buildConfigurations = (
				A80000000000000000000003 /* Debug */,
				A80000000000000000000004 /* Release */,
			);
			defaultConfigurationIsVisible = 0;
			defaultConfigurationName = Release;
		};
		B90000000000000000000001 /* Build configuration list for PBXNativeTarget "UsalingoIOSTests" */ = {
			isa = XCConfigurationList;
			buildConfigurations = (
				B80000000000000000000001 /* Debug */,
				B80000000000000000000002 /* Release */,
			);
			defaultConfigurationIsVisible = 0;
			defaultConfigurationName = Release;
		};
/* End XCConfigurationList section */

/* Begin XCRemoteSwiftPackageReference section */
		A100000000000000000000C0 /* XCRemoteSwiftPackageReference "Nuke" */ = {
			isa = XCRemoteSwiftPackageReference;
			repositoryURL = "https://github.com/kean/Nuke.git";
			requirement = {
				kind = upToNextMajorVersion;
				minimumVersion = 12.9.0;
			};
		};
/* End XCRemoteSwiftPackageReference section */

/* Begin XCSwiftPackageProductDependency section */
		A100000000000000000000C1 /* Nuke */ = {
			isa = XCSwiftPackageProductDependency;
			package = A100000000000000000000C0 /* XCRemoteSwiftPackageReference "Nuke" */;
			productName = Nuke;
		};
		A100000000000000000000C2 /* NukeUI */ = {
			isa = XCSwiftPackageProductDependency;
			package = A100000000000000000000C0 /* XCRemoteSwiftPackageReference "Nuke" */;
			productName = NukeUI;
		};
/* End XCSwiftPackageProductDependency section */
	};
	rootObject = A60000000000000000000001 /* Project object */;
}
